
Microsoft Visual Studio Solution File, Format Version 12.00
# Visual Studio 14
VisualStudioVersion = 14.0.25420.1
MinimumVisualStudioVersion = 10.0.40219.1
Project("{8BC9CEB8-8B4A-11D0-8D11-00A0C91BC942}") = "CV01", "CV01\CV01.vcxproj", "{C074DB35-F5A5-47A1-8C22-51C622529ABA}"
EndProject
Project("{8BC9CEB8-8B4A-11D0-8D11-00A0C91BC942}") = "CV02", "CV02\CV02.vcxproj", "{D39D99E8-D6BB-4026-8495-AE7CB8328F63}"
EndProject
Project("{8BC9CEB8-8B4A-11D0-8D11-00A0C91BC942}") = "FindCircle", "FindCircle\FindCircle.vcxproj", "{9BEE9CB3-2849-4CB4-8FFB-C9B86F679BA9}"
EndProject
Project("{8BC9CEB8-8B4A-11D0-8D11-00A0C91BC942}") = "SURF", "SURF\SURF.vcxproj", "{44E58378-82E2-49DA-84B0-F022CB269A0C}"
EndProject
Project("{8BC9CEB8-8B4A-11D0-8D11-00A0C91BC942}") = "Hist", "Hist\Hist.vcxproj", "{552E8AB5-5E06-4400-AB39-D4549F779099}"
EndProject
Project("{8BC9CEB8-8B4A-11D0-8D11-00A0C91BC942}") = "FindRect", "FindRect\FindRect.vcxproj", "{4204C865-CB04-4F79-8DDB-5C14FE2780E4}"
EndProject
Project("{8BC9CEB8-8B4A-11D0-8D11-00A0C91BC942}") = "SurperMarket1.0", "SurperMarket1.0\SurperMarket1.0.vcxproj", "{9761B4E9-D2E1-4BEB-B4FA-3322ED7183A5}"
EndProject
Project("{8BC9CEB8-8B4A-11D0-8D11-00A0C91BC942}") = "Capture", "Capture\Capture.vcxproj", "{53091715-17A4-4080-89C3-989D55BBAA46}"
EndProject
Project("{8BC9CEB8-8B4A-11D0-8D11-00A0C91BC942}") = "Canny", "Canny\Canny.vcxproj", "{7CA5E51C-1412-4B3A-8831-31A0291A7356}"
EndProject
Project("{8BC9CEB8-8B4A-11D0-8D11-00A0C91BC942}") = "Template", "Template\Template.vcxproj", "{85F844F7-BDDF-4CA0-8F94-F69E2CC2AD37}"
EndProject
Project("{8BC9CEB8-8B4A-11D0-8D11-00A0C91BC942}") = "test", "test\test.vcxproj", "{0F11F9D1-2C60-4D36-BD43-6B74AC31D6A0}"
EndProject
Project("{8BC9CEB8-8B4A-11D0-8D11-00A0C91BC942}") = "SuperMarker2.0", "SuperMarker2.0\SuperMarker2.0.vcxproj", "{1734FD35-8C8C-4CFF-B4D4-FD2E26C2088F}"
EndProject
Global
	GlobalSection(SolutionConfigurationPlatforms) = preSolution
		Debug|x64 = Debug|x64
		Debug|x86 = Debug|x86
		Release|x64 = Release|x64
		Release|x86 = Release|x86
	EndGlobalSection
	GlobalSection(ProjectConfigurationPlatforms) = postSolution
		{C074DB35-F5A5-47A1-8C22-51C622529ABA}.Debug|x64.ActiveCfg = Debug|x64
		{C074DB35-F5A5-47A1-8C22-51C622529ABA}.Debug|x64.Build.0 = Debug|x64
		{C074DB35-F5A5-47A1-8C22-51C622529ABA}.Debug|x86.ActiveCfg = Debug|Win32
		{C074DB35-F5A5-47A1-8C22-51C622529ABA}.Debug|x86.Build.0 = Debug|Win32
		{C074DB35-F5A5-47A1-8C22-51C622529ABA}.Release|x64.ActiveCfg = Release|x64
		{C074DB35-F5A5-47A1-8C22-51C622529ABA}.Release|x64.Build.0 = Release|x64
		{C074DB35-F5A5-47A1-8C22-51C622529ABA}.Release|x86.ActiveCfg = Release|Win32
		{C074DB35-F5A5-47A1-8C22-51C622529ABA}.Release|x86.Build.0 = Release|Win32
		{D39D99E8-D6BB-4026-8495-AE7CB8328F63}.Debug|x64.ActiveCfg = Debug|x64
		{D39D99E8-D6BB-4026-8495-AE7CB8328F63}.Debug|x64.Build.0 = Debug|x64
		{D39D99E8-D6BB-4026-8495-AE7CB8328F63}.Debug|x86.ActiveCfg = Debug|Win32
		{D39D99E8-D6BB-4026-8495-AE7CB8328F63}.Debug|x86.Build.0 = Debug|Win32
		{D39D99E8-D6BB-4026-8495-AE7CB8328F63}.Release|x64.ActiveCfg = Release|x64
		{D39D99E8-D6BB-4026-8495-AE7CB8328F63}.Release|x64.Build.0 = Release|x64
		{D39D99E8-D6BB-4026-8495-AE7CB8328F63}.Release|x86.ActiveCfg = Release|Win32
		{D39D99E8-D6BB-4026-8495-AE7CB8328F63}.Release|x86.Build.0 = Release|Win32
		{9BEE9CB3-2849-4CB4-8FFB-C9B86F679BA9}.Debug|x64.ActiveCfg = Debug|x64
		{9BEE9CB3-2849-4CB4-8FFB-C9B86F679BA9}.Debug|x64.Build.0 = Debug|x64
		{9BEE9CB3-2849-4CB4-8FFB-C9B86F679BA9}.Debug|x86.ActiveCfg = Debug|Win32
		{9BEE9CB3-2849-4CB4-8FFB-C9B86F679BA9}.Debug|x86.Build.0 = Debug|Win32
		{9BEE9CB3-2849-4CB4-8FFB-C9B86F679BA9}.Release|x64.ActiveCfg = Release|x64
		{9BEE9CB3-2849-4CB4-8FFB-C9B86F679BA9}.Release|x64.Build.0 = Release|x64
		{9BEE9CB3-2849-4CB4-8FFB-C9B86F679BA9}.Release|x86.ActiveCfg = Release|Win32
		{9BEE9CB3-2849-4CB4-8FFB-C9B86F679BA9}.Release|x86.Build.0 = Release|Win32
		{44E58378-82E2-49DA-84B0-F022CB269A0C}.Debug|x64.ActiveCfg = Debug|x64
		{44E58378-82E2-49DA-84B0-F022CB269A0C}.Debug|x64.Build.0 = Debug|x64
		{44E58378-82E2-49DA-84B0-F022CB269A0C}.Debug|x86.ActiveCfg = Debug|Win32
		{44E58378-82E2-49DA-84B0-F022CB269A0C}.Debug|x86.Build.0 = Debug|Win32
		{44E58378-82E2-49DA-84B0-F022CB269A0C}.Release|x64.ActiveCfg = Release|x64
		{44E58378-82E2-49DA-84B0-F022CB269A0C}.Release|x64.Build.0 = Release|x64
		{44E58378-82E2-49DA-84B0-F022CB269A0C}.Release|x86.ActiveCfg = Release|Win32
		{44E58378-82E2-49DA-84B0-F022CB269A0C}.Release|x86.Build.0 = Release|Win32
		{552E8AB5-5E06-4400-AB39-D4549F779099}.Debug|x64.ActiveCfg = Debug|x64
		{552E8AB5-5E06-4400-AB39-D4549F779099}.Debug|x64.Build.0 = Debug|x64
		{552E8AB5-5E06-4400-AB39-D4549F779099}.Debug|x86.ActiveCfg = Debug|Win32
		{552E8AB5-5E06-4400-AB39-D4549F779099}.Debug|x86.Build.0 = Debug|Win32
		{552E8AB5-5E06-4400-AB39-D4549F779099}.Release|x64.ActiveCfg = Release|x64
		{552E8AB5-5E06-4400-AB39-D4549F779099}.Release|x64.Build.0 = Release|x64
		{552E8AB5-5E06-4400-AB39-D4549F779099}.Release|x86.ActiveCfg = Release|Win32
		{552E8AB5-5E06-4400-AB39-D4549F779099}.Release|x86.Build.0 = Release|Win32
		{4204C865-CB04-4F79-8DDB-5C14FE2780E4}.Debug|x64.ActiveCfg = Debug|x64
		{4204C865-CB04-4F79-8DDB-5C14FE2780E4}.Debug|x64.Build.0 = Debug|x64
		{4204C865-CB04-4F79-8DDB-5C14FE2780E4}.Debug|x86.ActiveCfg = Debug|Win32
		{4204C865-CB04-4F79-8DDB-5C14FE2780E4}.Debug|x86.Build.0 = Debug|Win32
		{4204C865-CB04-4F79-8DDB-5C14FE2780E4}.Release|x64.ActiveCfg = Release|x64
		{4204C865-CB04-4F79-8DDB-5C14FE2780E4}.Release|x64.Build.0 = Release|x64
		{4204C865-CB04-4F79-8DDB-5C14FE2780E4}.Release|x86.ActiveCfg = Release|Win32
		{4204C865-CB04-4F79-8DDB-5C14FE2780E4}.Release|x86.Build.0 = Release|Win32
		{9761B4E9-D2E1-4BEB-B4FA-3322ED7183A5}.Debug|x64.ActiveCfg = Debug|x64
		{9761B4E9-D2E1-4BEB-B4FA-3322ED7183A5}.Debug|x64.Build.0 = Debug|x64
		{9761B4E9-D2E1-4BEB-B4FA-3322ED7183A5}.Debug|x86.ActiveCfg = Debug|Win32
		{9761B4E9-D2E1-4BEB-B4FA-3322ED7183A5}.Debug|x86.Build.0 = Debug|Win32
		{9761B4E9-D2E1-4BEB-B4FA-3322ED7183A5}.Release|x64.ActiveCfg = Release|x64
		{9761B4E9-D2E1-4BEB-B4FA-3322ED7183A5}.Release|x64.Build.0 = Release|x64
		{9761B4E9-D2E1-4BEB-B4FA-3322ED7183A5}.Release|x86.ActiveCfg = Release|Win32
		{9761B4E9-D2E1-4BEB-B4FA-3322ED7183A5}.Release|x86.Build.0 = Release|Win32
		{53091715-17A4-4080-89C3-989D55BBAA46}.Debug|x64.ActiveCfg = Debug|x64
		{53091715-17A4-4080-89C3-989D55BBAA46}.Debug|x64.Build.0 = Debug|x64
		{53091715-17A4-4080-89C3-989D55BBAA46}.Debug|x86.ActiveCfg = Debug|Win32
		{53091715-17A4-4080-89C3-989D55BBAA46}.Debug|x86.Build.0 = Debug|Win32
		{53091715-17A4-4080-89C3-989D55BBAA46}.Release|x64.ActiveCfg = Release|x64
		{53091715-17A4-4080-89C3-989D55BBAA46}.Release|x64.Build.0 = Release|x64
		{53091715-17A4-4080-89C3-989D55BBAA46}.Release|x86.ActiveCfg = Release|Win32
		{53091715-17A4-4080-89C3-989D55BBAA46}.Release|x86.Build.0 = Release|Win32
		{7CA5E51C-1412-4B3A-8831-31A0291A7356}.Debug|x64.ActiveCfg = Debug|x64
		{7CA5E51C-1412-4B3A-8831-31A0291A7356}.Debug|x64.Build.0 = Debug|x64
		{7CA5E51C-1412-4B3A-8831-31A0291A7356}.Debug|x86.ActiveCfg = Debug|Win32
		{7CA5E51C-1412-4B3A-8831-31A0291A7356}.Debug|x86.Build.0 = Debug|Win32
		{7CA5E51C-1412-4B3A-8831-31A0291A7356}.Release|x64.ActiveCfg = Release|x64
		{7CA5E51C-1412-4B3A-8831-31A0291A7356}.Release|x64.Build.0 = Release|x64
		{7CA5E51C-1412-4B3A-8831-31A0291A7356}.Release|x86.ActiveCfg = Release|Win32
		{7CA5E51C-1412-4B3A-8831-31A0291A7356}.Release|x86.Build.0 = Release|Win32
		{85F844F7-BDDF-4CA0-8F94-F69E2CC2AD37}.Debug|x64.ActiveCfg = Debug|x64
		{85F844F7-BDDF-4CA0-8F94-F69E2CC2AD37}.Debug|x64.Build.0 = Debug|x64
		{85F844F7-BDDF-4CA0-8F94-F69E2CC2AD37}.Debug|x86.ActiveCfg = Debug|Win32
		{85F844F7-BDDF-4CA0-8F94-F69E2CC2AD37}.Debug|x86.Build.0 = Debug|Win32
		{85F844F7-BDDF-4CA0-8F94-F69E2CC2AD37}.Release|x64.ActiveCfg = Release|x64
		{85F844F7-BDDF-4CA0-8F94-F69E2CC2AD37}.Release|x64.Build.0 = Release|x64
		{85F844F7-BDDF-4CA0-8F94-F69E2CC2AD37}.Release|x86.ActiveCfg = Release|Win32
		{85F844F7-BDDF-4CA0-8F94-F69E2CC2AD37}.Release|x86.Build.0 = Release|Win32
		{0F11F9D1-2C60-4D36-BD43-6B74AC31D6A0}.Debug|x64.ActiveCfg = Debug|x64
		{0F11F9D1-2C60-4D36-BD43-6B74AC31D6A0}.Debug|x64.Build.0 = Debug|x64
		{0F11F9D1-2C60-4D36-BD43-6B74AC31D6A0}.Debug|x86.ActiveCfg = Debug|Win32
		{0F11F9D1-2C60-4D36-BD43-6B74AC31D6A0}.Debug|x86.Build.0 = Debug|Win32
		{0F11F9D1-2C60-4D36-BD43-6B74AC31D6A0}.Release|x64.ActiveCfg = Release|x64
		{0F11F9D1-2C60-4D36-BD43-6B74AC31D6A0}.Release|x64.Build.0 = Release|x64
		{0F11F9D1-2C60-4D36-BD43-6B74AC31D6A0}.Release|x86.ActiveCfg = Release|Win32
		{0F11F9D1-2C60-4D36-BD43-6B74AC31D6A0}.Release|x86.Build.0 = Release|Win32
		{1734FD35-8C8C-4CFF-B4D4-FD2E26C2088F}.Debug|x64.ActiveCfg = Debug|x64
		{1734FD35-8C8C-4CFF-B4D4-FD2E26C2088F}.Debug|x64.Build.0 = Debug|x64
		{1734FD35-8C8C-4CFF-B4D4-FD2E26C2088F}.Debug|x86.ActiveCfg = Debug|Win32
		{1734FD35-8C8C-4CFF-B4D4-FD2E26C2088F}.Debug|x86.Build.0 = Debug|Win32
		{1734FD35-8C8C-4CFF-B4D4-FD2E26C2088F}.Release|x64.ActiveCfg = Release|x64
		{1734FD35-8C8C-4CFF-B4D4-FD2E26C2088F}.Release|x64.Build.0 = Release|x64
		{1734FD35-8C8C-4CFF-B4D4-FD2E26C2088F}.Release|x86.ActiveCfg = Release|Win32
		{1734FD35-8C8C-4CFF-B4D4-FD2E26C2088F}.Release|x86.Build.0 = Release|Win32
	EndGlobalSection
	GlobalSection(SolutionProperties) = preSolution
		HideSolutionNode = FALSE
	EndGlobalSection
EndGlobal
